
Microsoft Visual Studio Solution File, Format Version 12.00
# Visual Studio Version 17
VisualStudioVersion = 17.14.36109.1 d17.14
MinimumVisualStudioVersion = 10.0.40219.1
Project("{FAE04EC0-301F-11D3-BF4B-00C04F79EFBC}") = "Navigation", "Navigation\Navigation.csproj", "{79DBFE08-8AD4-472A-B864-53D9BB00E015}"
EndProject
Global
	GlobalSection(SolutionConfigurationPlatforms) = preSolution
		Debug|Any CPU = Debug|Any CPU
		Release|Any CPU = Release|Any CPU
	EndGlobalSection
	GlobalSection(ProjectConfigurationPlatforms) = postSolution
		{79DBFE08-8AD4-472A-B864-53D9BB00E015}.Debug|Any CPU.ActiveCfg = Debug|Any CPU
		{79DBFE08-8AD4-472A-B864-53D9BB00E015}.Debug|Any CPU.Build.0 = Debug|Any CPU
		{79DBFE08-8AD4-472A-B864-53D9BB00E015}.Release|Any CPU.ActiveCfg = Release|Any CPU
		{79DBFE08-8AD4-472A-B864-53D9BB00E015}.Release|Any CPU.Build.0 = Release|Any CPU
	EndGlobalSection
	GlobalSection(SolutionProperties) = preSolution
		HideSolutionNode = FALSE
	EndGlobalSection
	GlobalSection(ExtensibilityGlobals) = postSolution
		SolutionGuid = {E58DBF01-0193-461A-84FD-0BD2D4ADD6F5}
	EndGlobalSection
EndGlobal
